// !$*UTF8*$!
{
	archiveVersion = 1;
	classes = {
	};
	objectVersion = 46;
	objects = {

/* Begin PBXBuildFile section */
		BCCBF6531D77CDAB00DACEA4 /* flag.png in Resources */ = {isa = PBXBuildFile; fileRef = BCCBF6521D77CDAB00DACEA4 /* flag.png */; };
		BCD919EB1D7678AB009646A6 /* main.m in Sources */ = {isa = PBXBuildFile; fileRef = BCD919EA1D7678AB009646A6 /* main.m */; };
		BCD919EE1D7678AB009646A6 /* AppDelegate.m in Sources */ = {isa = PBXBuildFile; fileRef = BCD919ED1D7678AB009646A6 /* AppDelegate.m */; };
		BCD919F11D7678AB009646A6 /* ViewController.m in Sources */ = {isa = PBXBuildFile; fileRef = BCD919F01D7678AB009646A6 /* ViewController.m */; };
		BCD919F41D7678AB009646A6 /* Main.storyboard in Resources */ = {isa = PBXBuildFile; fileRef = BCD919F21D7678AB009646A6 /* Main.storyboard */; };
		BCD919F61D7678AB009646A6 /* Assets.xcassets in Resources */ = {isa = PBXBuildFile; fileRef = BCD919F51D7678AB009646A6 /* Assets.xcassets */; };
		BCD919F91D7678AB009646A6 /* LaunchScreen.storyboard in Resources */ = {isa = PBXBuildFile; fileRef = BCD919F71D7678AB009646A6 /* LaunchScreen.storyboard */; };
		BCD91A041D7678AB009646A6 /* XTAlterViewControllerTests.m in Sources */ = {isa = PBXBuildFile; fileRef = BCD91A031D7678AB009646A6 /* XTAlterViewControllerTests.m */; };
		BCD91A0F1D7678AB009646A6 /* XTAlterViewControllerUITests.m in Sources */ = {isa = PBXBuildFile; fileRef = BCD91A0E1D7678AB009646A6 /* XTAlterViewControllerUITests.m */; };
		BCD91A1F1D7678ED009646A6 /* XTAlertViewController.m in Sources */ = {isa = PBXBuildFile; fileRef = BCD91A1E1D7678ED009646A6 /* XTAlertViewController.m */; };
		BCD91A241D76B227009646A6 /* XTCalculateHeight.m in Sources */ = {isa = PBXBuildFile; fileRef = BCD91A231D76B227009646A6 /* XTCalculateHeight.m */; };
		BCD91A301D76DEAD009646A6 /* XTAlterStyleView.m in Sources */ = {isa = PBXBuildFile; fileRef = BCD91A2F1D76DEAD009646A6 /* XTAlterStyleView.m */; };
/* End PBXBuildFile section */

/* Begin PBXContainerItemProxy section */
		BCD91A001D7678AB009646A6 /* PBXContainerItemProxy */ = {
			isa = PBXContainerItemProxy;
			containerPortal = BCD919DE1D7678AA009646A6 /* Project object */;
			proxyType = 1;
			remoteGlobalIDString = BCD919E51D7678AA009646A6;
			remoteInfo = XTAlterViewController;
		};
		BCD91A0B1D7678AB009646A6 /* PBXContainerItemProxy */ = {
			isa = PBXContainerItemProxy;
			containerPortal = BCD919DE1D7678AA009646A6 /* Project object */;
			proxyType = 1;
			remoteGlobalIDString = BCD919E51D7678AA009646A6;
			remoteInfo = XTAlterViewController;
		};
/* End PBXContainerItemProxy section */

/* Begin PBXFileReference section */
		BCCBF6521D77CDAB00DACEA4 /* flag.png */ = {isa = PBXFileReference; lastKnownFileType = image.png; path = flag.png; sourceTree = "<group>"; };
		BCCBF6551D77FCCF00DACEA4 /* XTAlertView.h */ = {isa = PBXFileReference; lastKnownFileType = sourcecode.c.h; path = XTAlertView.h; sourceTree = "<group>"; };
		BCD919E61D7678AA009646A6 /* XTAlterViewController.app */ = {isa = PBXFileReference; explicitFileType = wrapper.application; includeInIndex = 0; path = XTAlterViewController.app; sourceTree = BUILT_PRODUCTS_DIR; };
		BCD919EA1D7678AB009646A6 /* main.m */ = {isa = PBXFileReference; lastKnownFileType = sourcecode.c.objc; path = main.m; sourceTree = "<group>"; };
		BCD919EC1D7678AB009646A6 /* AppDelegate.h */ = {isa = PBXFileReference; lastKnownFileType = sourcecode.c.h; path = AppDelegate.h; sourceTree = "<group>"; };
		BCD919ED1D7678AB009646A6 /* AppDelegate.m */ = {isa = PBXFileReference; lastKnownFileType = sourcecode.c.objc; path = AppDelegate.m; sourceTree = "<group>"; };
		BCD919EF1D7678AB009646A6 /* ViewController.h */ = {isa = PBXFileReference; lastKnownFileType = sourcecode.c.h; path = ViewController.h; sourceTree = "<group>"; };
		BCD919F01D7678AB009646A6 /* ViewController.m */ = {isa = PBXFileReference; lastKnownFileType = sourcecode.c.objc; path = ViewController.m; sourceTree = "<group>"; };
		BCD919F31D7678AB009646A6 /* Base */ = {isa = PBXFileReference; lastKnownFileType = file.storyboard; name = Base; path = Base.lproj/Main.storyboard; sourceTree = "<group>"; };
		BCD919F51D7678AB009646A6 /* Assets.xcassets */ = {isa = PBXFileReference; lastKnownFileType = folder.assetcatalog; path = Assets.xcassets; sourceTree = "<group>"; };
		BCD919F81D7678AB009646A6 /* Base */ = {isa = PBXFileReference; lastKnownFileType = file.storyboard; name = Base; path = Base.lproj/LaunchScreen.storyboard; sourceTree = "<group>"; };
		BCD919FA1D7678AB009646A6 /* Info.plist */ = {isa = PBXFileReference; lastKnownFileType = text.plist.xml; path = Info.plist; sourceTree = "<group>"; };
		BCD919FF1D7678AB009646A6 /* XTAlterViewControllerTests.xctest */ = {isa = PBXFileReference; explicitFileType = wrapper.cfbundle; includeInIndex = 0; path = XTAlterViewControllerTests.xctest; sourceTree = BUILT_PRODUCTS_DIR; };
		BCD91A031D7678AB009646A6 /* XTAlterViewControllerTests.m */ = {isa = PBXFileReference; lastKnownFileType = sourcecode.c.objc; path = XTAlterViewControllerTests.m; sourceTree = "<group>"; };
		BCD91A051D7678AB009646A6 /* Info.plist */ = {isa = PBXFileReference; lastKnownFileType = text.plist.xml; path = Info.plist; sourceTree = "<group>"; };
		BCD91A0A1D7678AB009646A6 /* XTAlterViewControllerUITests.xctest */ = {isa = PBXFileReference; explicitFileType = wrapper.cfbundle; includeInIndex = 0; path = XTAlterViewControllerUITests.xctest; sourceTree = BUILT_PRODUCTS_DIR; };
		BCD91A0E1D7678AB009646A6 /* XTAlterViewControllerUITests.m */ = {isa = PBXFileReference; lastKnownFileType = sourcecode.c.objc; path = XTAlterViewControllerUITests.m; sourceTree = "<group>"; };
		BCD91A101D7678AB009646A6 /* Info.plist */ = {isa = PBXFileReference; lastKnownFileType = text.plist.xml; path = Info.plist; sourceTree = "<group>"; };
		BCD91A1D1D7678ED009646A6 /* XTAlertViewController.h */ = {isa = PBXFileReference; fileEncoding = 4; lastKnownFileType = sourcecode.c.h; path = XTAlertViewController.h; sourceTree = "<group>"; };
		BCD91A1E1D7678ED009646A6 /* XTAlertViewController.m */ = {isa = PBXFileReference; fileEncoding = 4; lastKnownFileType = sourcecode.c.objc; path = XTAlertViewController.m; sourceTree = "<group>"; };
		BCD91A221D76B227009646A6 /* XTCalculateHeight.h */ = {isa = PBXFileReference; fileEncoding = 4; lastKnownFileType = sourcecode.c.h; path = XTCalculateHeight.h; sourceTree = "<group>"; };
		BCD91A231D76B227009646A6 /* XTCalculateHeight.m */ = {isa = PBXFileReference; fileEncoding = 4; lastKnownFileType = sourcecode.c.objc; path = XTCalculateHeight.m; sourceTree = "<group>"; };
		BCD91A2E1D76DEAD009646A6 /* XTAlterStyleView.h */ = {isa = PBXFileReference; fileEncoding = 4; lastKnownFileType = sourcecode.c.h; path = XTAlterStyleView.h; sourceTree = "<group>"; };
		BCD91A2F1D76DEAD009646A6 /* XTAlterStyleView.m */ = {isa = PBXFileReference; fileEncoding = 4; lastKnownFileType = sourcecode.c.objc; path = XTAlterStyleView.m; sourceTree = "<group>"; };
/* End PBXFileReference section */

/* Begin PBXFrameworksBuildPhase section */
		BCD919E31D7678AA009646A6 /* Frameworks */ = {
			isa = PBXFrameworksBuildPhase;
			buildActionMask = 2147483647;
			files = (
			);
			runOnlyForDeploymentPostprocessing = 0;
		};
		BCD919FC1D7678AB009646A6 /* Frameworks */ = {
			isa = PBXFrameworksBuildPhase;
			buildActionMask = 2147483647;
			files = (
			);
			runOnlyForDeploymentPostprocessing = 0;
		};
		BCD91A071D7678AB009646A6 /* Frameworks */ = {
			isa = PBXFrameworksBuildPhase;
			buildActionMask = 2147483647;
			files = (
			);
			runOnlyForDeploymentPostprocessing = 0;
		};
/* End PBXFrameworksBuildPhase section */

/* Begin PBXGroup section */
		BCD919DD1D7678AA009646A6 = {
			isa = PBXGroup;
			children = (
				BCD919E81D7678AB009646A6 /* XTAlterViewController */,
				BCD91A021D7678AB009646A6 /* XTAlterViewControllerTests */,
				BCD91A0D1D7678AB009646A6 /* XTAlterViewControllerUITests */,
				BCD919E71D7678AA009646A6 /* Products */,
			);
			sourceTree = "<group>";
		};
		BCD919E71D7678AA009646A6 /* Products */ = {
			isa = PBXGroup;
			children = (
				BCD919E61D7678AA009646A6 /* XTAlterViewController.app */,
				BCD919FF1D7678AB009646A6 /* XTAlterViewControllerTests.xctest */,
				BCD91A0A1D7678AB009646A6 /* XTAlterViewControllerUITests.xctest */,
			);
			name = Products;
			sourceTree = "<group>";
		};
		BCD919E81D7678AB009646A6 /* XTAlterViewController */ = {
			isa = PBXGroup;
			children = (
				BCD91A1C1D7678D1009646A6 /* XTAlterController */,
				BCD919EC1D7678AB009646A6 /* AppDelegate.h */,
				BCD919ED1D7678AB009646A6 /* AppDelegate.m */,
				BCD919EF1D7678AB009646A6 /* ViewController.h */,
				BCD919F01D7678AB009646A6 /* ViewController.m */,
				BCD919F21D7678AB009646A6 /* Main.storyboard */,
				BCD919F51D7678AB009646A6 /* Assets.xcassets */,
				BCCBF6521D77CDAB00DACEA4 /* flag.png */,
				BCD919F71D7678AB009646A6 /* LaunchScreen.storyboard */,
				BCD919FA1D7678AB009646A6 /* Info.plist */,
				BCD919E91D7678AB009646A6 /* Supporting Files */,
			);
			path = XTAlterViewController;
			sourceTree = "<group>";
		};
		BCD919E91D7678AB009646A6 /* Supporting Files */ = {
			isa = PBXGroup;
			children = (
				BCD919EA1D7678AB009646A6 /* main.m */,
			);
			name = "Supporting Files";
			sourceTree = "<group>";
		};
		BCD91A021D7678AB009646A6 /* XTAlterViewControllerTests */ = {
			isa = PBXGroup;
			children = (
				BCD91A031D7678AB009646A6 /* XTAlterViewControllerTests.m */,
				BCD91A051D7678AB009646A6 /* Info.plist */,
			);
			path = XTAlterViewControllerTests;
			sourceTree = "<group>";
		};
		BCD91A0D1D7678AB009646A6 /* XTAlterViewControllerUITests */ = {
			isa = PBXGroup;
			children = (
				BCD91A0E1D7678AB009646A6 /* XTAlterViewControllerUITests.m */,
				BCD91A101D7678AB009646A6 /* Info.plist */,
			);
			path = XTAlterViewControllerUITests;
			sourceTree = "<group>";
		};
		BCD91A1C1D7678D1009646A6 /* XTAlterController */ = {
			isa = PBXGroup;
			children = (
				BCCBF6551D77FCCF00DACEA4 /* XTAlertView.h */,
				BCD91A1D1D7678ED009646A6 /* XTAlertViewController.h */,
				BCD91A1E1D7678ED009646A6 /* XTAlertViewController.m */,
				BCD91A221D76B227009646A6 /* XTCalculateHeight.h */,
				BCD91A231D76B227009646A6 /* XTCalculateHeight.m */,
				BCD91A2E1D76DEAD009646A6 /* XTAlterStyleView.h */,
				BCD91A2F1D76DEAD009646A6 /* XTAlterStyleView.m */,
			);
			path = XTAlterController;
			sourceTree = "<group>";
		};
/* End PBXGroup section */

/* Begin PBXNativeTarget section */
		BCD919E51D7678AA009646A6 /* XTAlterViewController */ = {
			isa = PBXNativeTarget;
			buildConfigurationList = BCD91A131D7678AB009646A6 /* Build configuration list for PBXNativeTarget "XTAlterViewController" */;
			buildPhases = (
				BCD919E21D7678AA009646A6 /* Sources */,
				BCD919E31D7678AA009646A6 /* Frameworks */,
				BCD919E41D7678AA009646A6 /* Resources */,
			);
			buildRules = (
			);
			dependencies = (
			);
			name = XTAlterViewController;
			productName = XTAlterViewController;
			productReference = BCD919E61D7678AA009646A6 /* XTAlterViewController.app */;
			productType = "com.apple.product-type.application";
		};
		BCD919FE1D7678AB009646A6 /* XTAlterViewControllerTests */ = {
			isa = PBXNativeTarget;
			buildConfigurationList = BCD91A161D7678AB009646A6 /* Build configuration list for PBXNativeTarget "XTAlterViewControllerTests" */;
			buildPhases = (
				BCD919FB1D7678AB009646A6 /* Sources */,
				BCD919FC1D7678AB009646A6 /* Frameworks */,
				BCD919FD1D7678AB009646A6 /* Resources */,
			);
			buildRules = (
			);
			dependencies = (
				BCD91A011D7678AB009646A6 /* PBXTargetDependency */,
			);
			name = XTAlterViewControllerTests;
			productName = XTAlterViewControllerTests;
			productReference = BCD919FF1D7678AB009646A6 /* XTAlterViewControllerTests.xctest */;
			productType = "com.apple.product-type.bundle.unit-test";
		};
		BCD91A091D7678AB009646A6 /* XTAlterViewControllerUITests */ = {
			isa = PBXNativeTarget;
			buildConfigurationList = BCD91A191D7678AB009646A6 /* Build configuration list for PBXNativeTarget "XTAlterViewControllerUITests" */;
			buildPhases = (
				BCD91A061D7678AB009646A6 /* Sources */,
				BCD91A071D7678AB009646A6 /* Frameworks */,
				BCD91A081D7678AB009646A6 /* Resources */,
			);
			buildRules = (
			);
			dependencies = (
				BCD91A0C1D7678AB009646A6 /* PBXTargetDependency */,
			);
			name = XTAlterViewControllerUITests;
			productName = XTAlterViewControllerUITests;
			productReference = BCD91A0A1D7678AB009646A6 /* XTAlterViewControllerUITests.xctest */;
			productType = "com.apple.product-type.bundle.ui-testing";
		};
/* End PBXNativeTarget section */

/* Begin PBXProject section */
		BCD919DE1D7678AA009646A6 /* Project object */ = {
			isa = PBXProject;
			attributes = {
				LastUpgradeCheck = 0730;
				ORGANIZATIONNAME = "夏天然后";
				TargetAttributes = {
					BCD919E51D7678AA009646A6 = {
						CreatedOnToolsVersion = 7.3;
					};
					BCD919FE1D7678AB009646A6 = {
						CreatedOnToolsVersion = 7.3;
						TestTargetID = BCD919E51D7678AA009646A6;
					};
					BCD91A091D7678AB009646A6 = {
						CreatedOnToolsVersion = 7.3;
						TestTargetID = BCD919E51D7678AA009646A6;
					};
				};
			};
			buildConfigurationList = BCD919E11D7678AA009646A6 /* Build configuration list for PBXProject "XTAlterViewController" */;
			compatibilityVersion = "Xcode 3.2";
			developmentRegion = English;
			hasScannedForEncodings = 0;
			knownRegions = (
				en,
				Base,
			);
			mainGroup = BCD919DD1D7678AA009646A6;
			productRefGroup = BCD919E71D7678AA009646A6 /* Products */;
			projectDirPath = "";
			projectRoot = "";
			targets = (
				BCD919E51D7678AA009646A6 /* XTAlterViewController */,
				BCD919FE1D7678AB009646A6 /* XTAlterViewControllerTests */,
				BCD91A091D7678AB009646A6 /* XTAlterViewControllerUITests */,
			);
		};
/* End PBXProject section */

/* Begin PBXResourcesBuildPhase section */
		BCD919E41D7678AA009646A6 /* Resources */ = {
			isa = PBXResourcesBuildPhase;
			buildActionMask = 2147483647;
			files = (
				BCD919F91D7678AB009646A6 /* LaunchScreen.storyboard in Resources */,
				BCCBF6531D77CDAB00DACEA4 /* flag.png in Resources */,
				BCD919F61D7678AB009646A6 /* Assets.xcassets in Resources */,
				BCD919F41D7678AB009646A6 /* Main.storyboard in Resources */,
			);
			runOnlyForDeploymentPostprocessing = 0;
		};
		BCD919FD1D7678AB009646A6 /* Resources */ = {
			isa = PBXResourcesBuildPhase;
			buildActionMask = 2147483647;
			files = (
			);
			runOnlyForDeploymentPostprocessing = 0;
		};
		BCD91A081D7678AB009646A6 /* Resources */ = {
			isa = PBXResourcesBuildPhase;
			buildActionMask = 2147483647;
			files = (
			);
			runOnlyForDeploymentPostprocessing = 0;
		};
/* End PBXResourcesBuildPhase section */

/* Begin PBXSourcesBuildPhase section */
		BCD919E21D7678AA009646A6 /* Sources */ = {
			isa = PBXSourcesBuildPhase;
			buildActionMask = 2147483647;
			files = (
				BCD919F11D7678AB009646A6 /* ViewController.m in Sources */,
				BCD919EE1D7678AB009646A6 /* AppDelegate.m in Sources */,
				BCD91A1F1D7678ED009646A6 /* XTAlertViewController.m in Sources */,
				BCD919EB1D7678AB009646A6 /* main.m in Sources */,
				BCD91A241D76B227009646A6 /* XTCalculateHeight.m in Sources */,
				BCD91A301D76DEAD009646A6 /* XTAlterStyleView.m in Sources */,
			);
			runOnlyForDeploymentPostprocessing = 0;
		};
		BCD919FB1D7678AB009646A6 /* Sources */ = {
			isa = PBXSourcesBuildPhase;
			buildActionMask = 2147483647;
			files = (
				BCD91A041D7678AB009646A6 /* XTAlterViewControllerTests.m in Sources */,
			);
			runOnlyForDeploymentPostprocessing = 0;
		};
		BCD91A061D7678AB009646A6 /* Sources */ = {
			isa = PBXSourcesBuildPhase;
			buildActionMask = 2147483647;
			files = (
				BCD91A0F1D7678AB009646A6 /* XTAlterViewControllerUITests.m in Sources */,
			);
			runOnlyForDeploymentPostprocessing = 0;
		};
/* End PBXSourcesBuildPhase section */

/* Begin PBXTargetDependency section */
		BCD91A011D7678AB009646A6 /* PBXTargetDependency */ = {
			isa = PBXTargetDependency;
			target = BCD919E51D7678AA009646A6 /* XTAlterViewController */;
			targetProxy = BCD91A001D7678AB009646A6 /* PBXContainerItemProxy */;
		};
		BCD91A0C1D7678AB009646A6 /* PBXTargetDependency */ = {
			isa = PBXTargetDependency;
			target = BCD919E51D7678AA009646A6 /* XTAlterViewController */;
			targetProxy = BCD91A0B1D7678AB009646A6 /* PBXContainerItemProxy */;
		};
/* End PBXTargetDependency section */

/* Begin PBXVariantGroup section */
		BCD919F21D7678AB009646A6 /* Main.storyboard */ = {
			isa = PBXVariantGroup;
			children = (
				BCD919F31D7678AB009646A6 /* Base */,
			);
			name = Main.storyboard;
			sourceTree = "<group>";
		};
		BCD919F71D7678AB009646A6 /* LaunchScreen.storyboard */ = {
			isa = PBXVariantGroup;
			children = (
				BCD919F81D7678AB009646A6 /* Base */,
			);
			name = LaunchScreen.storyboard;
			sourceTree = "<group>";
		};
/* End PBXVariantGroup section */

/* Begin XCBuildConfiguration section */
		BCD91A111D7678AB009646A6 /* Debug */ = {
			isa = XCBuildConfiguration;
			buildSettings = {
				ALWAYS_SEARCH_USER_PATHS = NO;
				CLANG_ANALYZER_NONNULL = YES;
				CLANG_CXX_LANGUAGE_STANDARD = "gnu++0x";
				CLANG_CXX_LIBRARY = "libc++";
				CLANG_ENABLE_MODULES = YES;
				CLANG_ENABLE_OBJC_ARC = YES;
				CLANG_WARN_BOOL_CONVERSION = YES;
				CLANG_WARN_CONSTANT_CONVERSION = YES;
				CLANG_WARN_DIRECT_OBJC_ISA_USAGE = YES_ERROR;
				CLANG_WARN_EMPTY_BODY = YES;
				CLANG_WARN_ENUM_CONVERSION = YES;
				CLANG_WARN_INT_CONVERSION = YES;
				CLANG_WARN_OBJC_ROOT_CLASS = YES_ERROR;
				CLANG_WARN_UNREACHABLE_CODE = YES;
				CLANG_WARN__DUPLICATE_METHOD_MATCH = YES;
				"CODE_SIGN_IDENTITY[sdk=iphoneos*]" = "iPhone Developer";
				COPY_PHASE_STRIP = NO;
				DEBUG_INFORMATION_FORMAT = dwarf;
				ENABLE_STRICT_OBJC_MSGSEND = YES;
				ENABLE_TESTABILITY = YES;
				GCC_C_LANGUAGE_STANDARD = gnu99;
				GCC_DYNAMIC_NO_PIC = NO;
				GCC_NO_COMMON_BLOCKS = YES;
				GCC_OPTIMIZATION_LEVEL = 0;
				GCC_PREPROCESSOR_DEFINITIONS = (
					"DEBUG=1",
					"$(inherited)",
				);
				GCC_WARN_64_TO_32_BIT_CONVERSION = YES;
				GCC_WARN_ABOUT_RETURN_TYPE = YES_ERROR;
				GCC_WARN_UNDECLARED_SELECTOR = YES;
				GCC_WARN_UNINITIALIZED_AUTOS = YES_AGGRESSIVE;
				GCC_WARN_UNUSED_FUNCTION = YES;
				GCC_WARN_UNUSED_VARIABLE = YES;
				IPHONEOS_DEPLOYMENT_TARGET = 9.3;
				MTL_ENABLE_DEBUG_INFO = YES;
				ONLY_ACTIVE_ARCH = YES;
				SDKROOT = iphoneos;
				TARGETED_DEVICE_FAMILY = "1,2";
			};
			name = Debug;
		};
		BCD91A121D7678AB009646A6 /* Release */ = {
			isa = XCBuildConfiguration;
			buildSettings = {
				ALWAYS_SEARCH_USER_PATHS = NO;
				CLANG_ANALYZER_NONNULL = YES;
				CLANG_CXX_LANGUAGE_STANDARD = "gnu++0x";
				CLANG_CXX_LIBRARY = "libc++";
				CLANG_ENABLE_MODULES = YES;
				CLANG_ENABLE_OBJC_ARC = YES;
				CLANG_WARN_BOOL_CONVERSION = YES;
				CLANG_WARN_CONSTANT_CONVERSION = YES;
				CLANG_WARN_DIRECT_OBJC_ISA_USAGE = YES_ERROR;
				CLANG_WARN_EMPTY_BODY = YES;
				CLANG_WARN_ENUM_CONVERSION = YES;
				CLANG_WARN_INT_CONVERSION = YES;
				CLANG_WARN_OBJC_ROOT_CLASS = YES_ERROR;
				CLANG_WARN_UNREACHABLE_CODE = YES;
				CLANG_WARN__DUPLICATE_METHOD_MATCH = YES;
				"CODE_SIGN_IDENTITY[sdk=iphoneos*]" = "iPhone Developer";
				COPY_PHASE_STRIP = NO;
				DEBUG_INFORMATION_FORMAT = "dwarf-with-dsym";
				ENABLE_NS_ASSERTIONS = NO;
				ENABLE_STRICT_OBJC_MSGSEND = YES;
				GCC_C_LANGUAGE_STANDARD = gnu99;
				GCC_NO_COMMON_BLOCKS = YES;
				GCC_WARN_64_TO_32_BIT_CONVERSION = YES;
				GCC_WARN_ABOUT_RETURN_TYPE = YES_ERROR;
				GCC_WARN_UNDECLARED_SELECTOR = YES;
				GCC_WARN_UNINITIALIZED_AUTOS = YES_AGGRESSIVE;
				GCC_WARN_UNUSED_FUNCTION = YES;
				GCC_WARN_UNUSED_VARIABLE = YES;
				IPHONEOS_DEPLOYMENT_TARGET = 9.3;
				MTL_ENABLE_DEBUG_INFO = NO;
				SDKROOT = iphoneos;
				TARGETED_DEVICE_FAMILY = "1,2";
				VALIDATE_PRODUCT = YES;
			};
			name = Release;
		};
		BCD91A141D7678AB009646A6 /* Debug */ = {
			isa = XCBuildConfiguration;
			buildSettings = {
				ASSETCATALOG_COMPILER_APPICON_NAME = AppIcon;
				INFOPLIST_FILE = XTAlterViewController/Info.plist;
				IPHONEOS_DEPLOYMENT_TARGET = 7.0;
				LD_RUNPATH_SEARCH_PATHS = "$(inherited) @executable_path/Frameworks";
				PRODUCT_BUNDLE_IDENTIFIER = "-MyCompanyName-.XTAlterViewController";
				PRODUCT_NAME = "$(TARGET_NAME)";
			};
			name = Debug;
		};
		BCD91A151D7678AB009646A6 /* Release */ = {
			isa = XCBuildConfiguration;
			buildSettings = {
				ASSETCATALOG_COMPILER_APPICON_NAME = AppIcon;
				INFOPLIST_FILE = XTAlterViewController/Info.plist;
				IPHONEOS_DEPLOYMENT_TARGET = 7.0;
				LD_RUNPATH_SEARCH_PATHS = "$(inherited) @executable_path/Frameworks";
				PRODUCT_BUNDLE_IDENTIFIER = "-MyCompanyName-.XTAlterViewController";
				PRODUCT_NAME = "$(TARGET_NAME)";
			};
			name = Release;
		};
		BCD91A171D7678AB009646A6 /* Debug */ = {
			isa = XCBuildConfiguration;
			buildSettings = {
				BUNDLE_LOADER = "$(TEST_HOST)";
				INFOPLIST_FILE = XTAlterViewControllerTests/Info.plist;
				LD_RUNPATH_SEARCH_PATHS = "$(inherited) @executable_path/Frameworks @loader_path/Frameworks";
				PRODUCT_BUNDLE_IDENTIFIER = "-MyCompanyName-.XTAlterViewControllerTests";
				PRODUCT_NAME = "$(TARGET_NAME)";
				TEST_HOST = "$(BUILT_PRODUCTS_DIR)/XTAlterViewController.app/XTAlterViewController";
			};
			name = Debug;
		};
		BCD91A181D7678AB009646A6 /* Release */ = {
			isa = XCBuildConfiguration;
			buildSettings = {
				BUNDLE_LOADER = "$(TEST_HOST)";
				INFOPLIST_FILE = XTAlterViewControllerTests/Info.plist;
				LD_RUNPATH_SEARCH_PATHS = "$(inherited) @executable_path/Frameworks @loader_path/Frameworks";
				PRODUCT_BUNDLE_IDENTIFIER = "-MyCompanyName-.XTAlterViewControllerTests";
				PRODUCT_NAME = "$(TARGET_NAME)";
				TEST_HOST = "$(BUILT_PRODUCTS_DIR)/XTAlterViewController.app/XTAlterViewController";
			};
			name = Release;
		};
		BCD91A1A1D7678AB009646A6 /* Debug */ = {
			isa = XCBuildConfiguration;
			buildSettings = {
				INFOPLIST_FILE = XTAlterViewControllerUITests/Info.plist;
				LD_RUNPATH_SEARCH_PATHS = "$(inherited) @executable_path/Frameworks @loader_path/Frameworks";
				PRODUCT_BUNDLE_IDENTIFIER = "-MyCompanyName-.XTAlterViewControllerUITests";
				PRODUCT_NAME = "$(TARGET_NAME)";
				TEST_TARGET_NAME = XTAlterViewController;
			};
			name = Debug;
		};
		BCD91A1B1D7678AB009646A6 /* Release */ = {
			isa = XCBuildConfiguration;
			buildSettings = {
				INFOPLIST_FILE = XTAlterViewControllerUITests/Info.plist;
				LD_RUNPATH_SEARCH_PATHS = "$(inherited) @executable_path/Frameworks @loader_path/Frameworks";
				PRODUCT_BUNDLE_IDENTIFIER = "-MyCompanyName-.XTAlterViewControllerUITests";
				PRODUCT_NAME = "$(TARGET_NAME)";
				TEST_TARGET_NAME = XTAlterViewController;
			};
			name = Release;
		};
/* End XCBuildConfiguration section */

/* Begin XCConfigurationList section */
		BCD919E11D7678AA009646A6 /* Build configuration list for PBXProject "XTAlterViewController" */ = {
			isa = XCConfigurationList;
			buildConfigurations = (
				BCD91A111D7678AB009646A6 /* Debug */,
				BCD91A121D7678AB009646A6 /* Release */,
			);
			defaultConfigurationIsVisible = 0;
			defaultConfigurationName = Release;
		};
		BCD91A131D7678AB009646A6 /* Build configuration list for PBXNativeTarget "XTAlterViewController" */ = {
			isa = XCConfigurationList;
			buildConfigurations = (
				BCD91A141D7678AB009646A6 /* Debug */,
				BCD91A151D7678AB009646A6 /* Release */,
			);
			defaultConfigurationIsVisible = 0;
			defaultConfigurationName = Release;
		};
		BCD91A161D7678AB009646A6 /* Build configuration list for PBXNativeTarget "XTAlterViewControllerTests" */ = {
			isa = XCConfigurationList;
			buildConfigurations = (
				BCD91A171D7678AB009646A6 /* Debug */,
				BCD91A181D7678AB009646A6 /* Release */,
			);
			defaultConfigurationIsVisible = 0;
			defaultConfigurationName = Release;
		};
		BCD91A191D7678AB009646A6 /* Build configuration list for PBXNativeTarget "XTAlterViewControllerUITests" */ = {
			isa = XCConfigurationList;
			buildConfigurations = (
				BCD91A1A1D7678AB009646A6 /* Debug */,
				BCD91A1B1D7678AB009646A6 /* Release */,
			);
			defaultConfigurationIsVisible = 0;
			defaultConfigurationName = Release;
		};
/* End XCConfigurationList section */
	};
	rootObject = BCD919DE1D7678AA009646A6 /* Project object */;
}
